
Microsoft Visual Studio Solution File, Format Version 12.00
# Visual Studio Version 16
VisualStudioVersion = 16.0.31205.134
MinimumVisualStudioVersion = 10.0.40219.1
Project("{FAE04EC0-301F-11D3-BF4B-00C04F79EFBC}") = "CardiovascularAPITest", "CardiovascularAPITest\CardiovascularAPITest.csproj", "{89C521E2-C429-4B0D-BFE9-58039479D130}"
EndProject
Global
	GlobalSection(SolutionConfigurationPlatforms) = preSolution
		Debug|Any CPU = Debug|Any CPU
		Release|Any CPU = Release|Any CPU
	EndGlobalSection
	GlobalSection(ProjectConfigurationPlatforms) = postSolution
		{89C521E2-C429-4B0D-BFE9-58039479D130}.Debug|Any CPU.ActiveCfg = Debug|Any CPU
		{89C521E2-C429-4B0D-BFE9-58039479D130}.Debug|Any CPU.Build.0 = Debug|Any CPU
		{89C521E2-C429-4B0D-BFE9-58039479D130}.Release|Any CPU.ActiveCfg = Release|Any CPU
		{89C521E2-C429-4B0D-BFE9-58039479D130}.Release|Any CPU.Build.0 = Release|Any CPU
	EndGlobalSection
	GlobalSection(SolutionProperties) = preSolution
		HideSolutionNode = FALSE
	EndGlobalSection
	GlobalSection(ExtensibilityGlobals) = postSolution
		SolutionGuid = {1E854957-445E-41AC-9BBF-9FDE293F52E9}
	EndGlobalSection
EndGlobal
